
Microsoft Visual Studio Solution File, Format Version 12.00
# Visual Studio Version 17
VisualStudioVersion = 17.0.31912.275
MinimumVisualStudioVersion = 10.0.40219.1
Project("{FAE04EC0-301F-11D3-BF4B-00C04F79EFBC}") = "TestOOP2", "TestOOP2\TestOOP2.csproj", "{A818D8E1-C126-4AE2-84FB-340D5CDF30D6}"
EndProject
Global
	GlobalSection(SolutionConfigurationPlatforms) = preSolution
		Debug|Any CPU = Debug|Any CPU
		Release|Any CPU = Release|Any CPU
	EndGlobalSection
	GlobalSection(ProjectConfigurationPlatforms) = postSolution
		{A818D8E1-C126-4AE2-84FB-340D5CDF30D6}.Debug|Any CPU.ActiveCfg = Debug|Any CPU
		{A818D8E1-C126-4AE2-84FB-340D5CDF30D6}.Debug|Any CPU.Build.0 = Debug|Any CPU
		{A818D8E1-C126-4AE2-84FB-340D5CDF30D6}.Release|Any CPU.ActiveCfg = Release|Any CPU
		{A818D8E1-C126-4AE2-84FB-340D5CDF30D6}.Release|Any CPU.Build.0 = Release|Any CPU
	EndGlobalSection
	GlobalSection(SolutionProperties) = preSolution
		HideSolutionNode = FALSE
	EndGlobalSection
	GlobalSection(ExtensibilityGlobals) = postSolution
		SolutionGuid = {B058F6FA-5862-4751-AFDF-9D4388796415}
	EndGlobalSection
EndGlobal
